
Microsoft Visual Studio Solution File, Format Version 12.00
# Visual Studio Version 17
VisualStudioVersion = 17.0.32014.148
MinimumVisualStudioVersion = 10.0.40219.1
Project("{FAE04EC0-301F-11D3-BF4B-00C04F79EFBC}") = "OnionArchitectureDotnet", "OnionArchitectureDotnet\OnionArchitectureDotnet.csproj", "{2FDD6C06-F7AF-46CD-98CA-9AB974D30AA6}"
EndProject
Project("{FAE04EC0-301F-11D3-BF4B-00C04F79EFBC}") = "DomainLayer", "DomainLayer\DomainLayer.csproj", "{91D168D2-9B2A-4F45-9B27-06C66CDA83BC}"
EndProject
Project("{FAE04EC0-301F-11D3-BF4B-00C04F79EFBC}") = "RepositoryLayer", "RepositoryLayer\RepositoryLayer.csproj", "{C1A51D01-00DF-4B65-AB45-2DE1BCFF8FC8}"
EndProject
Project("{FAE04EC0-301F-11D3-BF4B-00C04F79EFBC}") = "ServiceLayer", "ServiceLayer\ServiceLayer.csproj", "{3D6577D5-08CB-47D0-8214-9F5BD57B5D13}"
EndProject
Global
	GlobalSection(SolutionConfigurationPlatforms) = preSolution
		Debug|Any CPU = Debug|Any CPU
		Release|Any CPU = Release|Any CPU
	EndGlobalSection
	GlobalSection(ProjectConfigurationPlatforms) = postSolution
		{2FDD6C06-F7AF-46CD-98CA-9AB974D30AA6}.Debug|Any CPU.ActiveCfg = Debug|Any CPU
		{2FDD6C06-F7AF-46CD-98CA-9AB974D30AA6}.Debug|Any CPU.Build.0 = Debug|Any CPU
		{2FDD6C06-F7AF-46CD-98CA-9AB974D30AA6}.Release|Any CPU.ActiveCfg = Release|Any CPU
		{2FDD6C06-F7AF-46CD-98CA-9AB974D30AA6}.Release|Any CPU.Build.0 = Release|Any CPU
		{91D168D2-9B2A-4F45-9B27-06C66CDA83BC}.Debug|Any CPU.ActiveCfg = Debug|Any CPU
		{91D168D2-9B2A-4F45-9B27-06C66CDA83BC}.Debug|Any CPU.Build.0 = Debug|Any CPU
		{91D168D2-9B2A-4F45-9B27-06C66CDA83BC}.Release|Any CPU.ActiveCfg = Release|Any CPU
		{91D168D2-9B2A-4F45-9B27-06C66CDA83BC}.Release|Any CPU.Build.0 = Release|Any CPU
		{C1A51D01-00DF-4B65-AB45-2DE1BCFF8FC8}.Debug|Any CPU.ActiveCfg = Debug|Any CPU
		{C1A51D01-00DF-4B65-AB45-2DE1BCFF8FC8}.Debug|Any CPU.Build.0 = Debug|Any CPU
		{C1A51D01-00DF-4B65-AB45-2DE1BCFF8FC8}.Release|Any CPU.ActiveCfg = Release|Any CPU
		{C1A51D01-00DF-4B65-AB45-2DE1BCFF8FC8}.Release|Any CPU.Build.0 = Release|Any CPU
		{3D6577D5-08CB-47D0-8214-9F5BD57B5D13}.Debug|Any CPU.ActiveCfg = Debug|Any CPU
		{3D6577D5-08CB-47D0-8214-9F5BD57B5D13}.Debug|Any CPU.Build.0 = Debug|Any CPU
		{3D6577D5-08CB-47D0-8214-9F5BD57B5D13}.Release|Any CPU.ActiveCfg = Release|Any CPU
		{3D6577D5-08CB-47D0-8214-9F5BD57B5D13}.Release|Any CPU.Build.0 = Release|Any CPU
	EndGlobalSection
	GlobalSection(SolutionProperties) = preSolution
		HideSolutionNode = FALSE
	EndGlobalSection
	GlobalSection(ExtensibilityGlobals) = postSolution
		SolutionGuid = {132B2F5C-57A4-4AF0-A67C-D23EF8A91B0F}
	EndGlobalSection
EndGlobal
